
Microsoft Visual Studio Solution File, Format Version 12.00
# Visual Studio Version 17
VisualStudioVersion = 17.6.33712.159
MinimumVisualStudioVersion = 10.0.40219.1
Project("{2150E333-8FDC-42A3-9474-1A3956D46DE8}") = "Imovelix.Api", "Imovelix.Api", "{52C44A46-8482-4C21-87D3-86856410CC33}"
EndProject
Project("{9A19103F-16F7-4668-BE54-9A1E7A4F7556}") = "Imovelix.Api", "Imovelix.Api\Imovelix.Api.csproj", "{3E5D382A-9C6E-4D4A-A6EA-1E3F0EB04B11}"
EndProject
Project("{2150E333-8FDC-42A3-9474-1A3956D46DE8}") = "Imovelix.Dominio", "Imovelix.Dominio", "{9443E9C8-2F62-4B8A-87FD-5E8A9B26B962}"
EndProject
Project("{2150E333-8FDC-42A3-9474-1A3956D46DE8}") = "Imovelix.Aplicacao", "Imovelix.Aplicacao", "{3CA907C3-6963-411E-AFA6-CB6293FBD389}"
EndProject
Project("{2150E333-8FDC-42A3-9474-1A3956D46DE8}") = "Imovelix.Infra", "Imovelix.Infra", "{FE8D79A3-C4B7-428A-A2CA-5869C13753A6}"
EndProject
Project("{9A19103F-16F7-4668-BE54-9A1E7A4F7556}") = "Imovelix.Aplicacao", "Imovelix.Aplicacao\Imovelix.Aplicacao\Imovelix.Aplicacao.csproj", "{8718092D-38C2-4282-892F-39A4FD8F813F}"
EndProject
Project("{9A19103F-16F7-4668-BE54-9A1E7A4F7556}") = "Imovelix.Dominio", "Imovelix.Dominio\Imovelix.Dominio\Imovelix.Dominio.csproj", "{1F973C92-5F22-4CF5-A6B2-7708202C660C}"
EndProject
Project("{9A19103F-16F7-4668-BE54-9A1E7A4F7556}") = "Imovelix.Infra", "Imovelix.Infra\Imovelix.Infra\Imovelix.Infra.csproj", "{619EB4A3-4A0A-473F-B73B-DDCCF14A16D5}"
EndProject
Global
	GlobalSection(SolutionConfigurationPlatforms) = preSolution
		Debug|Any CPU = Debug|Any CPU
		Release|Any CPU = Release|Any CPU
	EndGlobalSection
	GlobalSection(ProjectConfigurationPlatforms) = postSolution
		{3E5D382A-9C6E-4D4A-A6EA-1E3F0EB04B11}.Debug|Any CPU.ActiveCfg = Debug|Any CPU
		{3E5D382A-9C6E-4D4A-A6EA-1E3F0EB04B11}.Debug|Any CPU.Build.0 = Debug|Any CPU
		{3E5D382A-9C6E-4D4A-A6EA-1E3F0EB04B11}.Release|Any CPU.ActiveCfg = Release|Any CPU
		{3E5D382A-9C6E-4D4A-A6EA-1E3F0EB04B11}.Release|Any CPU.Build.0 = Release|Any CPU
		{8718092D-38C2-4282-892F-39A4FD8F813F}.Debug|Any CPU.ActiveCfg = Debug|Any CPU
		{8718092D-38C2-4282-892F-39A4FD8F813F}.Debug|Any CPU.Build.0 = Debug|Any CPU
		{8718092D-38C2-4282-892F-39A4FD8F813F}.Release|Any CPU.ActiveCfg = Release|Any CPU
		{8718092D-38C2-4282-892F-39A4FD8F813F}.Release|Any CPU.Build.0 = Release|Any CPU
		{1F973C92-5F22-4CF5-A6B2-7708202C660C}.Debug|Any CPU.ActiveCfg = Debug|Any CPU
		{1F973C92-5F22-4CF5-A6B2-7708202C660C}.Debug|Any CPU.Build.0 = Debug|Any CPU
		{1F973C92-5F22-4CF5-A6B2-7708202C660C}.Release|Any CPU.ActiveCfg = Release|Any CPU
		{1F973C92-5F22-4CF5-A6B2-7708202C660C}.Release|Any CPU.Build.0 = Release|Any CPU
		{619EB4A3-4A0A-473F-B73B-DDCCF14A16D5}.Debug|Any CPU.ActiveCfg = Debug|Any CPU
		{619EB4A3-4A0A-473F-B73B-DDCCF14A16D5}.Debug|Any CPU.Build.0 = Debug|Any CPU
		{619EB4A3-4A0A-473F-B73B-DDCCF14A16D5}.Release|Any CPU.ActiveCfg = Release|Any CPU
		{619EB4A3-4A0A-473F-B73B-DDCCF14A16D5}.Release|Any CPU.Build.0 = Release|Any CPU
	EndGlobalSection
	GlobalSection(SolutionProperties) = preSolution
		HideSolutionNode = FALSE
	EndGlobalSection
	GlobalSection(NestedProjects) = preSolution
		{3E5D382A-9C6E-4D4A-A6EA-1E3F0EB04B11} = {52C44A46-8482-4C21-87D3-86856410CC33}
		{8718092D-38C2-4282-892F-39A4FD8F813F} = {3CA907C3-6963-411E-AFA6-CB6293FBD389}
		{1F973C92-5F22-4CF5-A6B2-7708202C660C} = {9443E9C8-2F62-4B8A-87FD-5E8A9B26B962}
		{619EB4A3-4A0A-473F-B73B-DDCCF14A16D5} = {FE8D79A3-C4B7-428A-A2CA-5869C13753A6}
	EndGlobalSection
	GlobalSection(ExtensibilityGlobals) = postSolution
		SolutionGuid = {0F073239-F1DF-4FA7-9406-93B2B0C1DE20}
	EndGlobalSection
EndGlobal
